
Microsoft Visual Studio Solution File, Format Version 12.00
# Visual Studio 2012
Project("{FAE04EC0-301F-11D3-BF4B-00C04F79EFBC}") = "Demo_Application", "Demo_Application\Demo_Application.csproj", "{BA786032-AA54-4DF2-ADCD-032AF75682BE}"
EndProject
Global
	GlobalSection(SolutionConfigurationPlatforms) = preSolution
		Debug|Any CPU = Debug|Any CPU
		Release|Any CPU = Release|Any CPU
	EndGlobalSection
	GlobalSection(ProjectConfigurationPlatforms) = postSolution
		{BA786032-AA54-4DF2-ADCD-032AF75682BE}.Debug|Any CPU.ActiveCfg = Debug|Any CPU
		{BA786032-AA54-4DF2-ADCD-032AF75682BE}.Debug|Any CPU.Build.0 = Debug|Any CPU
		{BA786032-AA54-4DF2-ADCD-032AF75682BE}.Release|Any CPU.ActiveCfg = Release|Any CPU
		{BA786032-AA54-4DF2-ADCD-032AF75682BE}.Release|Any CPU.Build.0 = Release|Any CPU
	EndGlobalSection
	GlobalSection(SolutionProperties) = preSolution
		HideSolutionNode = FALSE
	EndGlobalSection
EndGlobal
